{
  "object": {
    "pins": [
      {
        "package": "UInt128",
        "repositoryURL": "https://github.com/gongzhang/UInt128.git",
        "state": {
          "branch": null,
          "revision": "9618a4c6cb022275d5a72a762c05ff5a1f6cda1f",
          "version": "1.0.0"
        }
      }
    ]
  },
  "version": 1
}
