{
  "object": {
    "pins": [
      {
        "package": "UInt128",
        "repositoryURL": "https://github.com/gongzhang/UInt128.git",
        "state": {
          "branch": null,
          "revision": "a21b404a0c69d4f986270dfcbdb0f498e11f42fd",
          "version": "1.0.1"
        }
      }
    ]
  },
  "version": 1
}
